// !$*UTF8*$!
{
	archiveVersion = 1;
	classes = {
	};
	objectVersion = 50;
	objects = {

/* Begin PBXBuildFile section */
		4F48025A213AEFD300F7039E /* AppDelegate.swift in Sources */ = {isa = PBXBuildFile; fileRef = 4F480259213AEFD300F7039E /* AppDelegate.swift */; };
		4F48025C213AEFD300F7039E /* ARViewController.swift in Sources */ = {isa = PBXBuildFile; fileRef = 4F48025B213AEFD300F7039E /* ARViewController.swift */; };
		4F480261213AEFD500F7039E /* Assets.xcassets in Resources */ = {isa = PBXBuildFile; fileRef = 4F480260213AEFD500F7039E /* Assets.xcassets */; };
		4F480264213AEFD500F7039E /* LaunchScreen.storyboard in Resources */ = {isa = PBXBuildFile; fileRef = 4F480262213AEFD500F7039E /* LaunchScreen.storyboard */; };
		4F48026C213AF74700F7039E /* Style.swift in Sources */ = {isa = PBXBuildFile; fileRef = 4F48026B213AF74700F7039E /* Style.swift */; };
		A2E5F4E19C720908CD6B5BAB /* Pods_nagisa.framework in Frameworks */ = {isa = PBXBuildFile; fileRef = 1A0A76AB2D1DA83A3722DA71 /* Pods_nagisa.framework */; };
/* End PBXBuildFile section */

/* Begin PBXFileReference section */
		04AFC8A47DC20458AA92EC92 /* Pods-nagisa.release.xcconfig */ = {isa = PBXFileReference; includeInIndex = 1; lastKnownFileType = text.xcconfig; name = "Pods-nagisa.release.xcconfig"; path = "Pods/Target Support Files/Pods-nagisa/Pods-nagisa.release.xcconfig"; sourceTree = "<group>"; };
		1A0A76AB2D1DA83A3722DA71 /* Pods_nagisa.framework */ = {isa = PBXFileReference; explicitFileType = wrapper.framework; includeInIndex = 0; path = Pods_nagisa.framework; sourceTree = BUILT_PRODUCTS_DIR; };
		4F480256213AEFD300F7039E /* nagisa.app */ = {isa = PBXFileReference; explicitFileType = wrapper.application; includeInIndex = 0; path = nagisa.app; sourceTree = BUILT_PRODUCTS_DIR; };
		4F480259213AEFD300F7039E /* AppDelegate.swift */ = {isa = PBXFileReference; lastKnownFileType = sourcecode.swift; path = AppDelegate.swift; sourceTree = "<group>"; };
		4F48025B213AEFD300F7039E /* ARViewController.swift */ = {isa = PBXFileReference; lastKnownFileType = sourcecode.swift; path = ARViewController.swift; sourceTree = "<group>"; };
		4F480260213AEFD500F7039E /* Assets.xcassets */ = {isa = PBXFileReference; lastKnownFileType = folder.assetcatalog; path = Assets.xcassets; sourceTree = "<group>"; };
		4F480263213AEFD500F7039E /* Base */ = {isa = PBXFileReference; lastKnownFileType = file.storyboard; name = Base; path = Base.lproj/LaunchScreen.storyboard; sourceTree = "<group>"; };
		4F480265213AEFD500F7039E /* Info.plist */ = {isa = PBXFileReference; lastKnownFileType = text.plist.xml; path = Info.plist; sourceTree = "<group>"; };
		4F48026B213AF74700F7039E /* Style.swift */ = {isa = PBXFileReference; lastKnownFileType = sourcecode.swift; path = Style.swift; sourceTree = "<group>"; };
		4FA9F4B54A11B65BC6B4C307 /* Pods-nagisa.debug.xcconfig */ = {isa = PBXFileReference; includeInIndex = 1; lastKnownFileType = text.xcconfig; name = "Pods-nagisa.debug.xcconfig"; path = "Pods/Target Support Files/Pods-nagisa/Pods-nagisa.debug.xcconfig"; sourceTree = "<group>"; };
/* End PBXFileReference section */

/* Begin PBXFrameworksBuildPhase section */
		4F480253213AEFD300F7039E /* Frameworks */ = {
			isa = PBXFrameworksBuildPhase;
			buildActionMask = 2147483647;
			files = (
				A2E5F4E19C720908CD6B5BAB /* Pods_nagisa.framework in Frameworks */,
			);
			runOnlyForDeploymentPostprocessing = 0;
		};
/* End PBXFrameworksBuildPhase section */

/* Begin PBXGroup section */
		4F48024D213AEFD300F7039E = {
			isa = PBXGroup;
			children = (
				4F480258213AEFD300F7039E /* nagisa */,
				4F480257213AEFD300F7039E /* Products */,
				F40D7BC683455C65C95A2023 /* Pods */,
				BCF9F0785EB076465D6FB9F4 /* Frameworks */,
			);
			sourceTree = "<group>";
		};
		4F480257213AEFD300F7039E /* Products */ = {
			isa = PBXGroup;
			children = (
				4F480256213AEFD300F7039E /* nagisa.app */,
			);
			name = Products;
			sourceTree = "<group>";
		};
		4F480258213AEFD300F7039E /* nagisa */ = {
			isa = PBXGroup;
			children = (
				4F480259213AEFD300F7039E /* AppDelegate.swift */,
				4F48025B213AEFD300F7039E /* ARViewController.swift */,
				4F480260213AEFD500F7039E /* Assets.xcassets */,
				4F480262213AEFD500F7039E /* LaunchScreen.storyboard */,
				4F480265213AEFD500F7039E /* Info.plist */,
				4F48026B213AF74700F7039E /* Style.swift */,
			);
			path = nagisa;
			sourceTree = "<group>";
		};
		BCF9F0785EB076465D6FB9F4 /* Frameworks */ = {
			isa = PBXGroup;
			children = (
				1A0A76AB2D1DA83A3722DA71 /* Pods_nagisa.framework */,
			);
			name = Frameworks;
			sourceTree = "<group>";
		};
		F40D7BC683455C65C95A2023 /* Pods */ = {
			isa = PBXGroup;
			children = (
				4FA9F4B54A11B65BC6B4C307 /* Pods-nagisa.debug.xcconfig */,
				04AFC8A47DC20458AA92EC92 /* Pods-nagisa.release.xcconfig */,
			);
			name = Pods;
			sourceTree = "<group>";
		};
/* End PBXGroup section */

/* Begin PBXNativeTarget section */
		4F480255213AEFD300F7039E /* nagisa */ = {
			isa = PBXNativeTarget;
			buildConfigurationList = 4F480268213AEFD500F7039E /* Build configuration list for PBXNativeTarget "nagisa" */;
			buildPhases = (
				EBF17A5E4B79B95C6872598B /* [CP] Check Pods Manifest.lock */,
				4F480252213AEFD300F7039E /* Sources */,
				4F480253213AEFD300F7039E /* Frameworks */,
				4F480254213AEFD300F7039E /* Resources */,
				4B5C56ED2DBF1C65083A2E39 /* [CP] Embed Pods Frameworks */,
			);
			buildRules = (
			);
			dependencies = (
			);
			name = nagisa;
			productName = nagisa;
			productReference = 4F480256213AEFD300F7039E /* nagisa.app */;
			productType = "com.apple.product-type.application";
		};
/* End PBXNativeTarget section */

/* Begin PBXProject section */
		4F48024E213AEFD300F7039E /* Project object */ = {
			isa = PBXProject;
			attributes = {
				LastSwiftUpdateCheck = 0930;
				LastUpgradeCheck = 0930;
				ORGANIZATIONNAME = "Haruya Ishiguro";
				TargetAttributes = {
					4F480255213AEFD300F7039E = {
						CreatedOnToolsVersion = 9.3;
					};
				};
			};
			buildConfigurationList = 4F480251213AEFD300F7039E /* Build configuration list for PBXProject "nagisa" */;
			compatibilityVersion = "Xcode 9.3";
			developmentRegion = en;
			hasScannedForEncodings = 0;
			knownRegions = (
				en,
				Base,
			);
			mainGroup = 4F48024D213AEFD300F7039E;
			productRefGroup = 4F480257213AEFD300F7039E /* Products */;
			projectDirPath = "";
			projectRoot = "";
			targets = (
				4F480255213AEFD300F7039E /* nagisa */,
			);
		};
/* End PBXProject section */

/* Begin PBXResourcesBuildPhase section */
		4F480254213AEFD300F7039E /* Resources */ = {
			isa = PBXResourcesBuildPhase;
			buildActionMask = 2147483647;
			files = (
				4F480264213AEFD500F7039E /* LaunchScreen.storyboard in Resources */,
				4F480261213AEFD500F7039E /* Assets.xcassets in Resources */,
			);
			runOnlyForDeploymentPostprocessing = 0;
		};
/* End PBXResourcesBuildPhase section */

/* Begin PBXShellScriptBuildPhase section */
		4B5C56ED2DBF1C65083A2E39 /* [CP] Embed Pods Frameworks */ = {
			isa = PBXShellScriptBuildPhase;
			buildActionMask = 2147483647;
			files = (
			);
			inputPaths = (
				"${SRCROOT}/Pods/Target Support Files/Pods-nagisa/Pods-nagisa-frameworks.sh",
				"${BUILT_PRODUCTS_DIR}/SnapKit/SnapKit.framework",
			);
			name = "[CP] Embed Pods Frameworks";
			outputPaths = (
				"${TARGET_BUILD_DIR}/${FRAMEWORKS_FOLDER_PATH}/SnapKit.framework",
			);
			runOnlyForDeploymentPostprocessing = 0;
			shellPath = /bin/sh;
			shellScript = "\"${SRCROOT}/Pods/Target Support Files/Pods-nagisa/Pods-nagisa-frameworks.sh\"\n";
			showEnvVarsInLog = 0;
		};
		EBF17A5E4B79B95C6872598B /* [CP] Check Pods Manifest.lock */ = {
			isa = PBXShellScriptBuildPhase;
			buildActionMask = 2147483647;
			files = (
			);
			inputPaths = (
				"${PODS_PODFILE_DIR_PATH}/Podfile.lock",
				"${PODS_ROOT}/Manifest.lock",
			);
			name = "[CP] Check Pods Manifest.lock";
			outputPaths = (
				"$(DERIVED_FILE_DIR)/Pods-nagisa-checkManifestLockResult.txt",
			);
			runOnlyForDeploymentPostprocessing = 0;
			shellPath = /bin/sh;
			shellScript = "diff \"${PODS_PODFILE_DIR_PATH}/Podfile.lock\" \"${PODS_ROOT}/Manifest.lock\" > /dev/null\nif [ $? != 0 ] ; then\n    # print error to STDERR\n    echo \"error: The sandbox is not in sync with the Podfile.lock. Run 'pod install' or update your CocoaPods installation.\" >&2\n    exit 1\nfi\n# This output is used by Xcode 'outputs' to avoid re-running this script phase.\necho \"SUCCESS\" > \"${SCRIPT_OUTPUT_FILE_0}\"\n";
			showEnvVarsInLog = 0;
		};
/* End PBXShellScriptBuildPhase section */

/* Begin PBXSourcesBuildPhase section */
		4F480252213AEFD300F7039E /* Sources */ = {
			isa = PBXSourcesBuildPhase;
			buildActionMask = 2147483647;
			files = (
				4F48025C213AEFD300F7039E /* ARViewController.swift in Sources */,
				4F48026C213AF74700F7039E /* Style.swift in Sources */,
				4F48025A213AEFD300F7039E /* AppDelegate.swift in Sources */,
			);
			runOnlyForDeploymentPostprocessing = 0;
		};
/* End PBXSourcesBuildPhase section */

/* Begin PBXVariantGroup section */
		4F480262213AEFD500F7039E /* LaunchScreen.storyboard */ = {
			isa = PBXVariantGroup;
			children = (
				4F480263213AEFD500F7039E /* Base */,
			);
			name = LaunchScreen.storyboard;
			sourceTree = "<group>";
		};
/* End PBXVariantGroup section */

/* Begin XCBuildConfiguration section */
		4F480266213AEFD500F7039E /* Debug */ = {
			isa = XCBuildConfiguration;
			buildSettings = {
				ALWAYS_SEARCH_USER_PATHS = NO;
				CLANG_ANALYZER_NONNULL = YES;
				CLANG_ANALYZER_NUMBER_OBJECT_CONVERSION = YES_AGGRESSIVE;
				CLANG_CXX_LANGUAGE_STANDARD = "gnu++14";
				CLANG_CXX_LIBRARY = "libc++";
				CLANG_ENABLE_MODULES = YES;
				CLANG_ENABLE_OBJC_ARC = YES;
				CLANG_ENABLE_OBJC_WEAK = YES;
				CLANG_WARN_BLOCK_CAPTURE_AUTORELEASING = YES;
				CLANG_WARN_BOOL_CONVERSION = YES;
				CLANG_WARN_COMMA = YES;
				CLANG_WARN_CONSTANT_CONVERSION = YES;
				CLANG_WARN_DEPRECATED_OBJC_IMPLEMENTATIONS = YES;
				CLANG_WARN_DIRECT_OBJC_ISA_USAGE = YES_ERROR;
				CLANG_WARN_DOCUMENTATION_COMMENTS = YES;
				CLANG_WARN_EMPTY_BODY = YES;
				CLANG_WARN_ENUM_CONVERSION = YES;
				CLANG_WARN_INFINITE_RECURSION = YES;
				CLANG_WARN_INT_CONVERSION = YES;
				CLANG_WARN_NON_LITERAL_NULL_CONVERSION = YES;
				CLANG_WARN_OBJC_IMPLICIT_RETAIN_SELF = YES;
				CLANG_WARN_OBJC_LITERAL_CONVERSION = YES;
				CLANG_WARN_OBJC_ROOT_CLASS = YES_ERROR;
				CLANG_WARN_RANGE_LOOP_ANALYSIS = YES;
				CLANG_WARN_STRICT_PROTOTYPES = YES;
				CLANG_WARN_SUSPICIOUS_MOVE = YES;
				CLANG_WARN_UNGUARDED_AVAILABILITY = YES_AGGRESSIVE;
				CLANG_WARN_UNREACHABLE_CODE = YES;
				CLANG_WARN__DUPLICATE_METHOD_MATCH = YES;
				CODE_SIGN_IDENTITY = "iPhone Developer";
				COPY_PHASE_STRIP = NO;
				DEBUG_INFORMATION_FORMAT = dwarf;
				ENABLE_STRICT_OBJC_MSGSEND = YES;
				ENABLE_TESTABILITY = YES;
				GCC_C_LANGUAGE_STANDARD = gnu11;
				GCC_DYNAMIC_NO_PIC = NO;
				GCC_NO_COMMON_BLOCKS = YES;
				GCC_OPTIMIZATION_LEVEL = 0;
				GCC_PREPROCESSOR_DEFINITIONS = (
					"DEBUG=1",
					"$(inherited)",
				);
				GCC_WARN_64_TO_32_BIT_CONVERSION = YES;
				GCC_WARN_ABOUT_RETURN_TYPE = YES_ERROR;
				GCC_WARN_UNDECLARED_SELECTOR = YES;
				GCC_WARN_UNINITIALIZED_AUTOS = YES_AGGRESSIVE;
				GCC_WARN_UNUSED_FUNCTION = YES;
				GCC_WARN_UNUSED_VARIABLE = YES;
				IPHONEOS_DEPLOYMENT_TARGET = 11.3;
				MTL_ENABLE_DEBUG_INFO = YES;
				ONLY_ACTIVE_ARCH = YES;
				SDKROOT = iphoneos;
				SWIFT_ACTIVE_COMPILATION_CONDITIONS = DEBUG;
				SWIFT_OPTIMIZATION_LEVEL = "-Onone";
			};
			name = Debug;
		};
		4F480267213AEFD500F7039E /* Release */ = {
			isa = XCBuildConfiguration;
			buildSettings = {
				ALWAYS_SEARCH_USER_PATHS = NO;
				CLANG_ANALYZER_NONNULL = YES;
				CLANG_ANALYZER_NUMBER_OBJECT_CONVERSION = YES_AGGRESSIVE;
				CLANG_CXX_LANGUAGE_STANDARD = "gnu++14";
				CLANG_CXX_LIBRARY = "libc++";
				CLANG_ENABLE_MODULES = YES;
				CLANG_ENABLE_OBJC_ARC = YES;
				CLANG_ENABLE_OBJC_WEAK = YES;
				CLANG_WARN_BLOCK_CAPTURE_AUTORELEASING = YES;
				CLANG_WARN_BOOL_CONVERSION = YES;
				CLANG_WARN_COMMA = YES;
				CLANG_WARN_CONSTANT_CONVERSION = YES;
				CLANG_WARN_DEPRECATED_OBJC_IMPLEMENTATIONS = YES;
				CLANG_WARN_DIRECT_OBJC_ISA_USAGE = YES_ERROR;
				CLANG_WARN_DOCUMENTATION_COMMENTS = YES;
				CLANG_WARN_EMPTY_BODY = YES;
				CLANG_WARN_ENUM_CONVERSION = YES;
				CLANG_WARN_INFINITE_RECURSION = YES;
				CLANG_WARN_INT_CONVERSION = YES;
				CLANG_WARN_NON_LITERAL_NULL_CONVERSION = YES;
				CLANG_WARN_OBJC_IMPLICIT_RETAIN_SELF = YES;
				CLANG_WARN_OBJC_LITERAL_CONVERSION = YES;
				CLANG_WARN_OBJC_ROOT_CLASS = YES_ERROR;
				CLANG_WARN_RANGE_LOOP_ANALYSIS = YES;
				CLANG_WARN_STRICT_PROTOTYPES = YES;
				CLANG_WARN_SUSPICIOUS_MOVE = YES;
				CLANG_WARN_UNGUARDED_AVAILABILITY = YES_AGGRESSIVE;
				CLANG_WARN_UNREACHABLE_CODE = YES;
				CLANG_WARN__DUPLICATE_METHOD_MATCH = YES;
				CODE_SIGN_IDENTITY = "iPhone Developer";
				COPY_PHASE_STRIP = NO;
				DEBUG_INFORMATION_FORMAT = "dwarf-with-dsym";
				ENABLE_NS_ASSERTIONS = NO;
				ENABLE_STRICT_OBJC_MSGSEND = YES;
				GCC_C_LANGUAGE_STANDARD = gnu11;
				GCC_NO_COMMON_BLOCKS = YES;
				GCC_WARN_64_TO_32_BIT_CONVERSION = YES;
				GCC_WARN_ABOUT_RETURN_TYPE = YES_ERROR;
				GCC_WARN_UNDECLARED_SELECTOR = YES;
				GCC_WARN_UNINITIALIZED_AUTOS = YES_AGGRESSIVE;
				GCC_WARN_UNUSED_FUNCTION = YES;
				GCC_WARN_UNUSED_VARIABLE = YES;
				IPHONEOS_DEPLOYMENT_TARGET = 11.3;
				MTL_ENABLE_DEBUG_INFO = NO;
				SDKROOT = iphoneos;
				SWIFT_COMPILATION_MODE = wholemodule;
				SWIFT_OPTIMIZATION_LEVEL = "-O";
				VALIDATE_PRODUCT = YES;
			};
			name = Release;
		};
		4F480269213AEFD500F7039E /* Debug */ = {
			isa = XCBuildConfiguration;
			baseConfigurationReference = 4FA9F4B54A11B65BC6B4C307 /* Pods-nagisa.debug.xcconfig */;
			buildSettings = {
				ASSETCATALOG_COMPILER_APPICON_NAME = AppIcon;
				CODE_SIGN_STYLE = Automatic;
				DEVELOPMENT_TEAM = ENMYN622CB;
				INFOPLIST_FILE = nagisa/Info.plist;
				LD_RUNPATH_SEARCH_PATHS = "$(inherited) @executable_path/Frameworks";
				PRODUCT_BUNDLE_IDENTIFIER = com.ishiguro.nagisa;
				PRODUCT_NAME = "$(TARGET_NAME)";
				SWIFT_VERSION = 4.0;
				TARGETED_DEVICE_FAMILY = "1,2";
			};
			name = Debug;
		};
		4F48026A213AEFD500F7039E /* Release */ = {
			isa = XCBuildConfiguration;
			baseConfigurationReference = 04AFC8A47DC20458AA92EC92 /* Pods-nagisa.release.xcconfig */;
			buildSettings = {
				ASSETCATALOG_COMPILER_APPICON_NAME = AppIcon;
				CODE_SIGN_STYLE = Automatic;
				DEVELOPMENT_TEAM = ENMYN622CB;
				INFOPLIST_FILE = nagisa/Info.plist;
				LD_RUNPATH_SEARCH_PATHS = "$(inherited) @executable_path/Frameworks";
				PRODUCT_BUNDLE_IDENTIFIER = com.ishiguro.nagisa;
				PRODUCT_NAME = "$(TARGET_NAME)";
				SWIFT_VERSION = 4.0;
				TARGETED_DEVICE_FAMILY = "1,2";
			};
			name = Release;
		};
/* End XCBuildConfiguration section */

/* Begin XCConfigurationList section */
		4F480251213AEFD300F7039E /* Build configuration list for PBXProject "nagisa" */ = {
			isa = XCConfigurationList;
			buildConfigurations = (
				4F480266213AEFD500F7039E /* Debug */,
				4F480267213AEFD500F7039E /* Release */,
			);
			defaultConfigurationIsVisible = 0;
			defaultConfigurationName = Release;
		};
		4F480268213AEFD500F7039E /* Build configuration list for PBXNativeTarget "nagisa" */ = {
			isa = XCConfigurationList;
			buildConfigurations = (
				4F480269213AEFD500F7039E /* Debug */,
				4F48026A213AEFD500F7039E /* Release */,
			);
			defaultConfigurationIsVisible = 0;
			defaultConfigurationName = Release;
		};
/* End XCConfigurationList section */
	};
	rootObject = 4F48024E213AEFD300F7039E /* Project object */;
}
